
Microsoft Visual Studio Solution File, Format Version 12.00
# Visual Studio Version 16
VisualStudioVersion = 16.0.31424.327
MinimumVisualStudioVersion = 10.0.40219.1
Project("{FAE04EC0-301F-11D3-BF4B-00C04F79EFBC}") = "Resume", "Resume\Resume.csproj", "{C6367DB8-DC58-464A-84BD-288E6147658F}"
EndProject
Global
	GlobalSection(SolutionConfigurationPlatforms) = preSolution
		Debug|Any CPU = Debug|Any CPU
		Release|Any CPU = Release|Any CPU
	EndGlobalSection
	GlobalSection(ProjectConfigurationPlatforms) = postSolution
		{C6367DB8-DC58-464A-84BD-288E6147658F}.Debug|Any CPU.ActiveCfg = Debug|Any CPU
		{C6367DB8-DC58-464A-84BD-288E6147658F}.Debug|Any CPU.Build.0 = Debug|Any CPU
		{C6367DB8-DC58-464A-84BD-288E6147658F}.Release|Any CPU.ActiveCfg = Release|Any CPU
		{C6367DB8-DC58-464A-84BD-288E6147658F}.Release|Any CPU.Build.0 = Release|Any CPU
	EndGlobalSection
	GlobalSection(SolutionProperties) = preSolution
		HideSolutionNode = FALSE
	EndGlobalSection
	GlobalSection(ExtensibilityGlobals) = postSolution
		SolutionGuid = {FBB9BF95-905B-47D8-A02D-EBDD5D6880C1}
	EndGlobalSection
EndGlobal
